
Microsoft Visual Studio Solution File, Format Version 12.00
# Visual Studio Version 16
VisualStudioVersion = 16.0.30503.244
MinimumVisualStudioVersion = 10.0.40219.1
Project("{FAE04EC0-301F-11D3-BF4B-00C04F79EFBC}") = "CustomList", "CustomList\CustomList.csproj", "{1D11538C-0F8D-43E1-B705-D25806FD2E90}"
EndProject
Project("{FAE04EC0-301F-11D3-BF4B-00C04F79EFBC}") = "CustomListTestProject", "CustomListTestProject\CustomListTestProject.csproj", "{31125600-1870-45BE-BF58-D6F3514A0118}"
EndProject
Global
	GlobalSection(SolutionConfigurationPlatforms) = preSolution
		Debug|Any CPU = Debug|Any CPU
		Release|Any CPU = Release|Any CPU
	EndGlobalSection
	GlobalSection(ProjectConfigurationPlatforms) = postSolution
		{1D11538C-0F8D-43E1-B705-D25806FD2E90}.Debug|Any CPU.ActiveCfg = Debug|Any CPU
		{1D11538C-0F8D-43E1-B705-D25806FD2E90}.Debug|Any CPU.Build.0 = Debug|Any CPU
		{1D11538C-0F8D-43E1-B705-D25806FD2E90}.Release|Any CPU.ActiveCfg = Release|Any CPU
		{1D11538C-0F8D-43E1-B705-D25806FD2E90}.Release|Any CPU.Build.0 = Release|Any CPU
		{31125600-1870-45BE-BF58-D6F3514A0118}.Debug|Any CPU.ActiveCfg = Debug|Any CPU
		{31125600-1870-45BE-BF58-D6F3514A0118}.Debug|Any CPU.Build.0 = Debug|Any CPU
		{31125600-1870-45BE-BF58-D6F3514A0118}.Release|Any CPU.ActiveCfg = Release|Any CPU
		{31125600-1870-45BE-BF58-D6F3514A0118}.Release|Any CPU.Build.0 = Release|Any CPU
	EndGlobalSection
	GlobalSection(SolutionProperties) = preSolution
		HideSolutionNode = FALSE
	EndGlobalSection
	GlobalSection(ExtensibilityGlobals) = postSolution
		SolutionGuid = {B6D0D18D-A7AC-46FD-9467-CAE906A1E853}
	EndGlobalSection
EndGlobal
